
Microsoft Visual Studio Solution File, Format Version 12.00
# Visual Studio 15
VisualStudioVersion = 15.0.28307.168
MinimumVisualStudioVersion = 10.0.40219.1
Project("{FAE04EC0-301F-11D3-BF4B-00C04F79EFBC}") = "LoadCalc", "LoadCalc\LoadCalc.csproj", "{AEFD64EA-E624-4AED-9A4E-1125DEBE7608}"
EndProject
Global
	GlobalSection(SolutionConfigurationPlatforms) = preSolution
		Debug|Any CPU = Debug|Any CPU
		Release|Any CPU = Release|Any CPU
	EndGlobalSection
	GlobalSection(ProjectConfigurationPlatforms) = postSolution
		{AEFD64EA-E624-4AED-9A4E-1125DEBE7608}.Debug|Any CPU.ActiveCfg = Debug|Any CPU
		{AEFD64EA-E624-4AED-9A4E-1125DEBE7608}.Debug|Any CPU.Build.0 = Debug|Any CPU
		{AEFD64EA-E624-4AED-9A4E-1125DEBE7608}.Release|Any CPU.ActiveCfg = Release|Any CPU
		{AEFD64EA-E624-4AED-9A4E-1125DEBE7608}.Release|Any CPU.Build.0 = Release|Any CPU
	EndGlobalSection
	GlobalSection(SolutionProperties) = preSolution
		HideSolutionNode = FALSE
	EndGlobalSection
	GlobalSection(ExtensibilityGlobals) = postSolution
		SolutionGuid = {B4B0DE91-7E14-4356-B854-92B22D4B841E}
	EndGlobalSection
EndGlobal
